PODS:
  - Alamofire (4.5.1)
  - IQKeyboardManager (5.0.4)
  - SnapKit (4.0.0)
  - SwiftyJSON (3.1.4)
  - TTTAttributedLabel (2.0.0)

DEPENDENCIES:
  - Alamofire
  - IQKeyboardManager
  - SnapKit
  - SwiftyJSON
  - TTTAttributedLabel

SPEC CHECKSUMS:
  Alamofire: 2d95912bf4c34f164fdfc335872e8c312acaea4a
  IQKeyboardManager: 1df9c0f147af1681cfb2d9977bc30309d45a7e76
  SnapKit: a42d492c16e80209130a3379f73596c3454b7694
  SwiftyJSON: c2842d878f95482ffceec5709abc3d05680c0220
  TTTAttributedLabel: 8cffe8e127e4e82ff3af1e5386d4cd0ad000b656

PODFILE CHECKSUM: 328277b035c4d08b63b30377f7660b396a0239b0

COCOAPODS: 1.2.0
