PODS:
  - Alamofire (4.5.1)
  - Cache (4.1.2)
  - Hue (3.0.0)
  - Imaginary (3.0.2):
    - Cache (~> 4.0)
  - IQKeyboardManager (5.0.6)
  - Lightbox (2.0.1):
    - Hue (~> 3.0)
    - Imaginary (~> 3.0)
  - PKHUD (5.0.0)
  - Realm (3.0.2):
    - Realm/Headers (= 3.0.2)
  - Realm/Headers (3.0.2)
  - RealmSwift (3.0.2):
    - Realm (= 3.0.2)
  - RxCocoa (4.0.0):
    - RxSwift (~> 4.0)
  - RxRealm (0.7.5):
    - RealmSwift (~> 3.0)
    - RxSwift (~> 4.0)
  - RxSwift (4.0.0)
  - SnapKit (4.0.0)
  - SwiftValidator (4.0.0)
  - SwiftyBeaver (1.4.3)
  - SwiftyJSON (3.1.4)
  - TTTAttributedLabel (2.0.0)

DEPENDENCIES:
  - Alamofire
  - IQKeyboardManager
  - Lightbox (~> 2.0.0)
  - PKHUD
  - RxCocoa
  - RxRealm
  - RxSwift
  - SnapKit
  - SwiftValidator (from `https://github.com/milomi/SwiftValidator.git`, commit `96061eca93f5016681679fbb2af84949c1e11d19`)
  - SwiftyBeaver
  - SwiftyJSON
  - TTTAttributedLabel

EXTERNAL SOURCES:
  SwiftValidator:
    :commit: 96061eca93f5016681679fbb2af84949c1e11d19
    :git: https://github.com/milomi/SwiftValidator.git

CHECKOUT OPTIONS:
  SwiftValidator:
    :commit: 96061eca93f5016681679fbb2af84949c1e11d19
    :git: https://github.com/milomi/SwiftValidator.git

SPEC CHECKSUMS:
  Alamofire: 2d95912bf4c34f164fdfc335872e8c312acaea4a
  Cache: bd0233fc688b5e83a27bcd87807db7e6f23adcc5
  Hue: b8fe1e43eef13631331eebecb2198b68e2622f95
  Imaginary: d675200546110e305d6a26db6267c0622ffe5e6b
  IQKeyboardManager: 077b7f691dfa9d69db9cff66f2bed68ebfc02d9b
  Lightbox: b72d18d05b57ba55dbac2eb0d7dafdc934205cf3
  PKHUD: 3c001512c6e002091184197a8de7a20420786e3b
  Realm: 6f23fd1f178a09342eac21bfa7c2bf4312a7a180
  RealmSwift: 695393add1b8f9d5fa75dd16e6355cf3935f71e2
  RxCocoa: d62846ca96495d862fa4c59ea7d87e5031d7340e
  RxRealm: a6c6c0a07cb61f34209969ca6657734edfdfff30
  RxSwift: fd680d75283beb5e2559486f3c0ff852f0d35334
  SnapKit: a42d492c16e80209130a3379f73596c3454b7694
  SwiftValidator: 25ded5ca1f10c05adf57f6ac82a72d28ac8d91af
  SwiftyBeaver: e10b1668e0512229c36c34769b97eed3dfae2ca3
  SwiftyJSON: c2842d878f95482ffceec5709abc3d05680c0220
  TTTAttributedLabel: 8cffe8e127e4e82ff3af1e5386d4cd0ad000b656

PODFILE CHECKSUM: 20e3245fee2e49b0ff59abab544c36a547cac62c

COCOAPODS: 1.2.0
