// !$*UTF8*$!
{
	archiveVersion = 1;
	classes = {
	};
	objectVersion = 46;
	objects = {

/* Begin PBXBuildFile section */
		1FE75204BBEFCD847A0740A3 /* Pods_OSOM_appTests.framework in Frameworks */ = {isa = PBXBuildFile; fileRef = E16608CC816851F59D5FFD95 /* Pods_OSOM_appTests.framework */; };
		3572CF2A1F1DEAF9004FC883 /* AppDelegate.swift in Sources */ = {isa = PBXBuildFile; fileRef = 3572CF291F1DEAF9004FC883 /* AppDelegate.swift */; };
		3572CF321F1DEAF9004FC883 /* OSOM_app.xcdatamodeld in Sources */ = {isa = PBXBuildFile; fileRef = 3572CF301F1DEAF9004FC883 /* OSOM_app.xcdatamodeld */; };
		3572CF341F1DEAF9004FC883 /* Assets.xcassets in Resources */ = {isa = PBXBuildFile; fileRef = 3572CF331F1DEAF9004FC883 /* Assets.xcassets */; };
		3572CF371F1DEAF9004FC883 /* LaunchScreen.storyboard in Resources */ = {isa = PBXBuildFile; fileRef = 3572CF351F1DEAF9004FC883 /* LaunchScreen.storyboard */; };
		3572CF421F1DEAF9004FC883 /* OSOM_appTests.swift in Sources */ = {isa = PBXBuildFile; fileRef = 3572CF411F1DEAF9004FC883 /* OSOM_appTests.swift */; };
		3572CF4D1F1DEAF9004FC883 /* OSOM_appUITests.swift in Sources */ = {isa = PBXBuildFile; fileRef = 3572CF4C1F1DEAF9004FC883 /* OSOM_appUITests.swift */; };
		3572CF641F1DFD7B004FC883 /* ViewControllerContainer.swift in Sources */ = {isa = PBXBuildFile; fileRef = 3572CF631F1DFD7B004FC883 /* ViewControllerContainer.swift */; };
		3572CF661F1DFD89004FC883 /* ViewModelContainer.swift in Sources */ = {isa = PBXBuildFile; fileRef = 3572CF651F1DFD89004FC883 /* ViewModelContainer.swift */; };
		3572CF681F1DFD93004FC883 /* ViewContainer.swift in Sources */ = {isa = PBXBuildFile; fileRef = 3572CF671F1DFD93004FC883 /* ViewContainer.swift */; };
		3572CF6A1F1DFDA5004FC883 /* ValidatorContainer.swift in Sources */ = {isa = PBXBuildFile; fileRef = 3572CF691F1DFDA5004FC883 /* ValidatorContainer.swift */; };
		3572CF6C1F1DFDC2004FC883 /* NetworkingContainer.swift in Sources */ = {isa = PBXBuildFile; fileRef = 3572CF6B1F1DFDC2004FC883 /* NetworkingContainer.swift */; };
		3572CF6E1F1DFDCD004FC883 /* SerializerContainer.swift in Sources */ = {isa = PBXBuildFile; fileRef = 3572CF6D1F1DFDCD004FC883 /* SerializerContainer.swift */; };
		3572CF701F1DFDEB004FC883 /* CellManagerContainer.swift in Sources */ = {isa = PBXBuildFile; fileRef = 3572CF6F1F1DFDEB004FC883 /* CellManagerContainer.swift */; };
		3572CF771F1E036E004FC883 /* WelcomeView.swift in Sources */ = {isa = PBXBuildFile; fileRef = 3572CF761F1E036E004FC883 /* WelcomeView.swift */; };
		3577D8061F1F3565001BCD63 /* UIView+Shadow.swift in Sources */ = {isa = PBXBuildFile; fileRef = 3577D8051F1F3565001BCD63 /* UIView+Shadow.swift */; };
		3577D8081F1F35B6001BCD63 /* ColorSchameHelper.swift in Sources */ = {isa = PBXBuildFile; fileRef = 3577D8071F1F35B6001BCD63 /* ColorSchameHelper.swift */; };
		35EB19491F1E2BBE00DD3AA5 /* WelcomeScreenViewModel.swift in Sources */ = {isa = PBXBuildFile; fileRef = 35EB19481F1E2BBE00DD3AA5 /* WelcomeScreenViewModel.swift */; };
		35EB194C1F1E32DA00DD3AA5 /* CutomButton.swift in Sources */ = {isa = PBXBuildFile; fileRef = 35EB194B1F1E32DA00DD3AA5 /* CutomButton.swift */; };
		35EB194F1F1E34C100DD3AA5 /* String+Localized.swift in Sources */ = {isa = PBXBuildFile; fileRef = 35EB194E1F1E34C100DD3AA5 /* String+Localized.swift */; };
		35EB19521F1E371200DD3AA5 /* Localizable.strings in Resources */ = {isa = PBXBuildFile; fileRef = 35EB19541F1E371200DD3AA5 /* Localizable.strings */; };
		35EB19591F1E3D3E00DD3AA5 /* TitleCell.swift in Sources */ = {isa = PBXBuildFile; fileRef = 35EB19581F1E3D3E00DD3AA5 /* TitleCell.swift */; };
		35EB195C1F1E3D7C00DD3AA5 /* TitleCellView.swift in Sources */ = {isa = PBXBuildFile; fileRef = 35EB195B1F1E3D7C00DD3AA5 /* TitleCellView.swift */; };
		35EB195E1F1E3DAD00DD3AA5 /* Int+ConstraintMaker.swift in Sources */ = {isa = PBXBuildFile; fileRef = 35EB195D1F1E3DAD00DD3AA5 /* Int+ConstraintMaker.swift */; };
		35EB19601F1E3DE200DD3AA5 /* Fonts.swift in Sources */ = {isa = PBXBuildFile; fileRef = 35EB195F1F1E3DE200DD3AA5 /* Fonts.swift */; };
		5698354B51170AEE864DCE29 /* Pods_OSOM_appUITests.framework in Frameworks */ = {isa = PBXBuildFile; fileRef = 49BF1DBED7E1A0F18EC7F324 /* Pods_OSOM_appUITests.framework */; };
		69245883FDBBC27DE19A67BB /* Pods_OSOM_app.framework in Frameworks */ = {isa = PBXBuildFile; fileRef = 2330CA05BBE27C8240531B06 /* Pods_OSOM_app.framework */; };
		B2024F6E1F9220EA0083B813 /* WelcomeScreenViewController.swift in Sources */ = {isa = PBXBuildFile; fileRef = B2024F6D1F9220EA0083B813 /* WelcomeScreenViewController.swift */; };
		B2024F741F9365090083B813 /* SignUpNameViewController.swift in Sources */ = {isa = PBXBuildFile; fileRef = B2024F731F9365090083B813 /* SignUpNameViewController.swift */; };
		B2024F761F93652E0083B813 /* SignUpNameView.swift in Sources */ = {isa = PBXBuildFile; fileRef = B2024F751F93652E0083B813 /* SignUpNameView.swift */; };
		B2024F781F9365B10083B813 /* BaseSignUpView.swift in Sources */ = {isa = PBXBuildFile; fileRef = B2024F771F9365B10083B813 /* BaseSignUpView.swift */; };
		B20CA6301F9CBFF50018208A /* SignUpEmailView.swift in Sources */ = {isa = PBXBuildFile; fileRef = B20CA62F1F9CBFF50018208A /* SignUpEmailView.swift */; };
		B20CA6321F9CC0750018208A /* SignUpEmailViewController.swift in Sources */ = {isa = PBXBuildFile; fileRef = B20CA6311F9CC0750018208A /* SignUpEmailViewController.swift */; };
		B20CA6381F9CC1BA0018208A /* SignUpPasswordViewController.swift in Sources */ = {isa = PBXBuildFile; fileRef = B20CA6371F9CC1BA0018208A /* SignUpPasswordViewController.swift */; };
		B20CA63B1F9CC1FA0018208A /* SignUpPasswordView.swift in Sources */ = {isa = PBXBuildFile; fileRef = B20CA63A1F9CC1FA0018208A /* SignUpPasswordView.swift */; };
		B20CA6411F9D073C0018208A /* LogInViewController.swift in Sources */ = {isa = PBXBuildFile; fileRef = B20CA6401F9D073C0018208A /* LogInViewController.swift */; };
		B20CA6431F9D075E0018208A /* LogInView.swift in Sources */ = {isa = PBXBuildFile; fileRef = B20CA6421F9D075E0018208A /* LogInView.swift */; };
		B2C48FED1F9367F600DFECA4 /* UIColor+extension.swift in Sources */ = {isa = PBXBuildFile; fileRef = B2C48FEC1F9367F600DFECA4 /* UIColor+extension.swift */; };
		B2C48FF01F936A9F00DFECA4 /* BaseEditField.swift in Sources */ = {isa = PBXBuildFile; fileRef = B2C48FEF1F936A9F00DFECA4 /* BaseEditField.swift */; };
		B2C48FF81F937B8400DFECA4 /* Montserrat-Bold.otf in Resources */ = {isa = PBXBuildFile; fileRef = B2C48FF31F937B8400DFECA4 /* Montserrat-Bold.otf */; };
		B2C48FF91F937B8400DFECA4 /* Montserrat-Regular.otf in Resources */ = {isa = PBXBuildFile; fileRef = B2C48FF41F937B8400DFECA4 /* Montserrat-Regular.otf */; };
		B2C48FFA1F937B8400DFECA4 /* Montserrat-Medium.otf in Resources */ = {isa = PBXBuildFile; fileRef = B2C48FF51F937B8400DFECA4 /* Montserrat-Medium.otf */; };
		B2C48FFB1F937B8400DFECA4 /* Montserrat-ExtraBold.otf in Resources */ = {isa = PBXBuildFile; fileRef = B2C48FF61F937B8400DFECA4 /* Montserrat-ExtraBold.otf */; };
		B2C48FFC1F937B8400DFECA4 /* Montserrat-Light.otf in Resources */ = {isa = PBXBuildFile; fileRef = B2C48FF71F937B8400DFECA4 /* Montserrat-Light.otf */; };
		B2F029C91F9C7ECD0006A5A0 /* BaseView.swift in Sources */ = {isa = PBXBuildFile; fileRef = B2F029C81F9C7ECD0006A5A0 /* BaseView.swift */; };
		B2F029CB1F9C8DEC0006A5A0 /* UIDevice+extension.swift in Sources */ = {isa = PBXBuildFile; fileRef = B2F029CA1F9C8DEC0006A5A0 /* UIDevice+extension.swift */; };
		B2F029CE1F9C9BB10006A5A0 /* NavigationView.swift in Sources */ = {isa = PBXBuildFile; fileRef = B2F029CD1F9C9BB10006A5A0 /* NavigationView.swift */; };
		B2F029D01F9CA60E0006A5A0 /* NavigationController.swift in Sources */ = {isa = PBXBuildFile; fileRef = B2F029CF1F9CA60D0006A5A0 /* NavigationController.swift */; };
/* End PBXBuildFile section */

/* Begin PBXContainerItemProxy section */
		3572CF3E1F1DEAF9004FC883 /* PBXContainerItemProxy */ = {
			isa = PBXContainerItemProxy;
			containerPortal = 3572CF1E1F1DEAF9004FC883 /* Project object */;
			proxyType = 1;
			remoteGlobalIDString = 3572CF251F1DEAF9004FC883;
			remoteInfo = OSOM_app;
		};
		3572CF491F1DEAF9004FC883 /* PBXContainerItemProxy */ = {
			isa = PBXContainerItemProxy;
			containerPortal = 3572CF1E1F1DEAF9004FC883 /* Project object */;
			proxyType = 1;
			remoteGlobalIDString = 3572CF251F1DEAF9004FC883;
			remoteInfo = OSOM_app;
		};
/* End PBXContainerItemProxy section */

/* Begin PBXFileReference section */
		2330CA05BBE27C8240531B06 /* Pods_OSOM_app.framework */ = {isa = PBXFileReference; explicitFileType = wrapper.framework; includeInIndex = 0; path = Pods_OSOM_app.framework; sourceTree = BUILT_PRODUCTS_DIR; };
		3572CF261F1DEAF9004FC883 /* OSOM_app.app */ = {isa = PBXFileReference; explicitFileType = wrapper.application; includeInIndex = 0; path = OSOM_app.app; sourceTree = BUILT_PRODUCTS_DIR; };
		3572CF291F1DEAF9004FC883 /* AppDelegate.swift */ = {isa = PBXFileReference; lastKnownFileType = sourcecode.swift; path = AppDelegate.swift; sourceTree = "<group>"; };
		3572CF311F1DEAF9004FC883 /* OSOM_app.xcdatamodel */ = {isa = PBXFileReference; lastKnownFileType = wrapper.xcdatamodel; path = OSOM_app.xcdatamodel; sourceTree = "<group>"; };
		3572CF331F1DEAF9004FC883 /* Assets.xcassets */ = {isa = PBXFileReference; lastKnownFileType = folder.assetcatalog; path = Assets.xcassets; sourceTree = "<group>"; };
		3572CF361F1DEAF9004FC883 /* Base */ = {isa = PBXFileReference; lastKnownFileType = file.storyboard; name = Base; path = Base.lproj/LaunchScreen.storyboard; sourceTree = "<group>"; };
		3572CF3D1F1DEAF9004FC883 /* OSOM_appTests.xctest */ = {isa = PBXFileReference; explicitFileType = wrapper.cfbundle; includeInIndex = 0; path = OSOM_appTests.xctest; sourceTree = BUILT_PRODUCTS_DIR; };
		3572CF411F1DEAF9004FC883 /* OSOM_appTests.swift */ = {isa = PBXFileReference; lastKnownFileType = sourcecode.swift; path = OSOM_appTests.swift; sourceTree = "<group>"; };
		3572CF431F1DEAF9004FC883 /* Info.plist */ = {isa = PBXFileReference; lastKnownFileType = text.plist.xml; path = Info.plist; sourceTree = "<group>"; };
		3572CF481F1DEAF9004FC883 /* OSOM_appUITests.xctest */ = {isa = PBXFileReference; explicitFileType = wrapper.cfbundle; includeInIndex = 0; path = OSOM_appUITests.xctest; sourceTree = BUILT_PRODUCTS_DIR; };
		3572CF4C1F1DEAF9004FC883 /* OSOM_appUITests.swift */ = {isa = PBXFileReference; lastKnownFileType = sourcecode.swift; path = OSOM_appUITests.swift; sourceTree = "<group>"; };
		3572CF4E1F1DEAF9004FC883 /* Info.plist */ = {isa = PBXFileReference; lastKnownFileType = text.plist.xml; path = Info.plist; sourceTree = "<group>"; };
		3572CF631F1DFD7B004FC883 /* ViewControllerContainer.swift */ = {isa = PBXFileReference; fileEncoding = 4; lastKnownFileType = sourcecode.swift; path = ViewControllerContainer.swift; sourceTree = "<group>"; };
		3572CF651F1DFD89004FC883 /* ViewModelContainer.swift */ = {isa = PBXFileReference; fileEncoding = 4; lastKnownFileType = sourcecode.swift; path = ViewModelContainer.swift; sourceTree = "<group>"; };
		3572CF671F1DFD93004FC883 /* ViewContainer.swift */ = {isa = PBXFileReference; fileEncoding = 4; lastKnownFileType = sourcecode.swift; path = ViewContainer.swift; sourceTree = "<group>"; };
		3572CF691F1DFDA5004FC883 /* ValidatorContainer.swift */ = {isa = PBXFileReference; fileEncoding = 4; lastKnownFileType = sourcecode.swift; path = ValidatorContainer.swift; sourceTree = "<group>"; };
		3572CF6B1F1DFDC2004FC883 /* NetworkingContainer.swift */ = {isa = PBXFileReference; fileEncoding = 4; lastKnownFileType = sourcecode.swift; path = NetworkingContainer.swift; sourceTree = "<group>"; };
		3572CF6D1F1DFDCD004FC883 /* SerializerContainer.swift */ = {isa = PBXFileReference; fileEncoding = 4; lastKnownFileType = sourcecode.swift; path = SerializerContainer.swift; sourceTree = "<group>"; };
		3572CF6F1F1DFDEB004FC883 /* CellManagerContainer.swift */ = {isa = PBXFileReference; fileEncoding = 4; lastKnownFileType = sourcecode.swift; path = CellManagerContainer.swift; sourceTree = "<group>"; };
		3572CF761F1E036E004FC883 /* WelcomeView.swift */ = {isa = PBXFileReference; fileEncoding = 4; lastKnownFileType = sourcecode.swift; path = WelcomeView.swift; sourceTree = "<group>"; };
		3577D8051F1F3565001BCD63 /* UIView+Shadow.swift */ = {isa = PBXFileReference; fileEncoding = 4; lastKnownFileType = sourcecode.swift; path = "UIView+Shadow.swift"; sourceTree = "<group>"; };
		3577D8071F1F35B6001BCD63 /* ColorSchameHelper.swift */ = {isa = PBXFileReference; fileEncoding = 4; lastKnownFileType = sourcecode.swift; path = ColorSchameHelper.swift; sourceTree = "<group>"; };
		35EB19481F1E2BBE00DD3AA5 /* WelcomeScreenViewModel.swift */ = {isa = PBXFileReference; fileEncoding = 4; lastKnownFileType = sourcecode.swift; path = WelcomeScreenViewModel.swift; sourceTree = "<group>"; };
		35EB194B1F1E32DA00DD3AA5 /* CutomButton.swift */ = {isa = PBXFileReference; fileEncoding = 4; lastKnownFileType = sourcecode.swift; path = CutomButton.swift; sourceTree = "<group>"; };
		35EB194E1F1E34C100DD3AA5 /* String+Localized.swift */ = {isa = PBXFileReference; fileEncoding = 4; lastKnownFileType = sourcecode.swift; path = "String+Localized.swift"; sourceTree = "<group>"; };
		35EB19531F1E371200DD3AA5 /* en */ = {isa = PBXFileReference; lastKnownFileType = text.plist.strings; name = en; path = en.lproj/Localizable.strings; sourceTree = "<group>"; };
		35EB19551F1E37A000DD3AA5 /* Base */ = {isa = PBXFileReference; lastKnownFileType = text.plist.strings; name = Base; path = Base.lproj/Localizable.strings; sourceTree = "<group>"; };
		35EB19581F1E3D3E00DD3AA5 /* TitleCell.swift */ = {isa = PBXFileReference; fileEncoding = 4; lastKnownFileType = sourcecode.swift; name = TitleCell.swift; path = OSOM_app/CustomUI/TitleCell.swift; sourceTree = SOURCE_ROOT; };
		35EB195B1F1E3D7C00DD3AA5 /* TitleCellView.swift */ = {isa = PBXFileReference; fileEncoding = 4; lastKnownFileType = sourcecode.swift; path = TitleCellView.swift; sourceTree = "<group>"; };
		35EB195D1F1E3DAD00DD3AA5 /* Int+ConstraintMaker.swift */ = {isa = PBXFileReference; fileEncoding = 4; lastKnownFileType = sourcecode.swift; path = "Int+ConstraintMaker.swift"; sourceTree = "<group>"; };
		35EB195F1F1E3DE200DD3AA5 /* Fonts.swift */ = {isa = PBXFileReference; fileEncoding = 4; lastKnownFileType = sourcecode.swift; path = Fonts.swift; sourceTree = "<group>"; };
		49BF1DBED7E1A0F18EC7F324 /* Pods_OSOM_appUITests.framework */ = {isa = PBXFileReference; explicitFileType = wrapper.framework; includeInIndex = 0; path = Pods_OSOM_appUITests.framework; sourceTree = BUILT_PRODUCTS_DIR; };
		54E9155BD58BDDF7CBF6E62F /* Pods-OSOM_app.debug.xcconfig */ = {isa = PBXFileReference; includeInIndex = 1; lastKnownFileType = text.xcconfig; name = "Pods-OSOM_app.debug.xcconfig"; path = "Pods/Target Support Files/Pods-OSOM_app/Pods-OSOM_app.debug.xcconfig"; sourceTree = "<group>"; };
		81B1F8EC51FDDC79EFDBEE63 /* Pods-OSOM_appUITests.debug.xcconfig */ = {isa = PBXFileReference; includeInIndex = 1; lastKnownFileType = text.xcconfig; name = "Pods-OSOM_appUITests.debug.xcconfig"; path = "Pods/Target Support Files/Pods-OSOM_appUITests/Pods-OSOM_appUITests.debug.xcconfig"; sourceTree = "<group>"; };
		B2024F6B1F92206C0083B813 /* Info.plist */ = {isa = PBXFileReference; lastKnownFileType = text.plist.xml; path = Info.plist; sourceTree = "<group>"; };
		B2024F6D1F9220EA0083B813 /* WelcomeScreenViewController.swift */ = {isa = PBXFileReference; fileEncoding = 4; lastKnownFileType = sourcecode.swift; path = WelcomeScreenViewController.swift; sourceTree = "<group>"; };
		B2024F731F9365090083B813 /* SignUpNameViewController.swift */ = {isa = PBXFileReference; lastKnownFileType = sourcecode.swift; path = SignUpNameViewController.swift; sourceTree = "<group>"; };
		B2024F751F93652E0083B813 /* SignUpNameView.swift */ = {isa = PBXFileReference; lastKnownFileType = sourcecode.swift; path = SignUpNameView.swift; sourceTree = "<group>"; };
		B2024F771F9365B10083B813 /* BaseSignUpView.swift */ = {isa = PBXFileReference; lastKnownFileType = sourcecode.swift; path = BaseSignUpView.swift; sourceTree = "<group>"; };
		B20CA62F1F9CBFF50018208A /* SignUpEmailView.swift */ = {isa = PBXFileReference; lastKnownFileType = sourcecode.swift; path = SignUpEmailView.swift; sourceTree = "<group>"; };
		B20CA6311F9CC0750018208A /* SignUpEmailViewController.swift */ = {isa = PBXFileReference; lastKnownFileType = sourcecode.swift; path = SignUpEmailViewController.swift; sourceTree = "<group>"; };
		B20CA6371F9CC1BA0018208A /* SignUpPasswordViewController.swift */ = {isa = PBXFileReference; lastKnownFileType = sourcecode.swift; path = SignUpPasswordViewController.swift; sourceTree = "<group>"; };
		B20CA63A1F9CC1FA0018208A /* SignUpPasswordView.swift */ = {isa = PBXFileReference; lastKnownFileType = sourcecode.swift; path = SignUpPasswordView.swift; sourceTree = "<group>"; };
		B20CA6401F9D073C0018208A /* LogInViewController.swift */ = {isa = PBXFileReference; lastKnownFileType = sourcecode.swift; path = LogInViewController.swift; sourceTree = "<group>"; };
		B20CA6421F9D075E0018208A /* LogInView.swift */ = {isa = PBXFileReference; lastKnownFileType = sourcecode.swift; path = LogInView.swift; sourceTree = "<group>"; };
		B2C48FEC1F9367F600DFECA4 /* UIColor+extension.swift */ = {isa = PBXFileReference; lastKnownFileType = sourcecode.swift; path = "UIColor+extension.swift"; sourceTree = "<group>"; };
		B2C48FEF1F936A9F00DFECA4 /* BaseEditField.swift */ = {isa = PBXFileReference; lastKnownFileType = sourcecode.swift; path = BaseEditField.swift; sourceTree = "<group>"; };
		B2C48FF31F937B8400DFECA4 /* Montserrat-Bold.otf */ = {isa = PBXFileReference; lastKnownFileType = file; path = "Montserrat-Bold.otf"; sourceTree = "<group>"; };
		B2C48FF41F937B8400DFECA4 /* Montserrat-Regular.otf */ = {isa = PBXFileReference; lastKnownFileType = file; path = "Montserrat-Regular.otf"; sourceTree = "<group>"; };
		B2C48FF51F937B8400DFECA4 /* Montserrat-Medium.otf */ = {isa = PBXFileReference; lastKnownFileType = file; path = "Montserrat-Medium.otf"; sourceTree = "<group>"; };
		B2C48FF61F937B8400DFECA4 /* Montserrat-ExtraBold.otf */ = {isa = PBXFileReference; lastKnownFileType = file; path = "Montserrat-ExtraBold.otf"; sourceTree = "<group>"; };
		B2C48FF71F937B8400DFECA4 /* Montserrat-Light.otf */ = {isa = PBXFileReference; lastKnownFileType = file; path = "Montserrat-Light.otf"; sourceTree = "<group>"; };
		B2F029C81F9C7ECD0006A5A0 /* BaseView.swift */ = {isa = PBXFileReference; lastKnownFileType = sourcecode.swift; path = BaseView.swift; sourceTree = "<group>"; };
		B2F029CA1F9C8DEC0006A5A0 /* UIDevice+extension.swift */ = {isa = PBXFileReference; lastKnownFileType = sourcecode.swift; path = "UIDevice+extension.swift"; sourceTree = "<group>"; };
		B2F029CD1F9C9BB10006A5A0 /* NavigationView.swift */ = {isa = PBXFileReference; lastKnownFileType = sourcecode.swift; path = NavigationView.swift; sourceTree = "<group>"; };
		B2F029CF1F9CA60D0006A5A0 /* NavigationController.swift */ = {isa = PBXFileReference; lastKnownFileType = sourcecode.swift; path = NavigationController.swift; sourceTree = "<group>"; };
		DD3DC9D34C9F8335E34F0A16 /* Pods-OSOM_appUITests.release.xcconfig */ = {isa = PBXFileReference; includeInIndex = 1; lastKnownFileType = text.xcconfig; name = "Pods-OSOM_appUITests.release.xcconfig"; path = "Pods/Target Support Files/Pods-OSOM_appUITests/Pods-OSOM_appUITests.release.xcconfig"; sourceTree = "<group>"; };
		E16608CC816851F59D5FFD95 /* Pods_OSOM_appTests.framework */ = {isa = PBXFileReference; explicitFileType = wrapper.framework; includeInIndex = 0; path = Pods_OSOM_appTests.framework; sourceTree = BUILT_PRODUCTS_DIR; };
		EAE89B747A59E42E08DA5223 /* Pods-OSOM_appTests.debug.xcconfig */ = {isa = PBXFileReference; includeInIndex = 1; lastKnownFileType = text.xcconfig; name = "Pods-OSOM_appTests.debug.xcconfig"; path = "Pods/Target Support Files/Pods-OSOM_appTests/Pods-OSOM_appTests.debug.xcconfig"; sourceTree = "<group>"; };
		EAF15ECC69857EA5AA84CB46 /* Pods-OSOM_appTests.release.xcconfig */ = {isa = PBXFileReference; includeInIndex = 1; lastKnownFileType = text.xcconfig; name = "Pods-OSOM_appTests.release.xcconfig"; path = "Pods/Target Support Files/Pods-OSOM_appTests/Pods-OSOM_appTests.release.xcconfig"; sourceTree = "<group>"; };
		FC233DFF9418B6F3872C6077 /* Pods-OSOM_app.release.xcconfig */ = {isa = PBXFileReference; includeInIndex = 1; lastKnownFileType = text.xcconfig; name = "Pods-OSOM_app.release.xcconfig"; path = "Pods/Target Support Files/Pods-OSOM_app/Pods-OSOM_app.release.xcconfig"; sourceTree = "<group>"; };
/* End PBXFileReference section */

/* Begin PBXFrameworksBuildPhase section */
		3572CF231F1DEAF9004FC883 /* Frameworks */ = {
			isa = PBXFrameworksBuildPhase;
			buildActionMask = 2147483647;
			files = (
				69245883FDBBC27DE19A67BB /* Pods_OSOM_app.framework in Frameworks */,
			);
			runOnlyForDeploymentPostprocessing = 0;
		};
		3572CF3A1F1DEAF9004FC883 /* Frameworks */ = {
			isa = PBXFrameworksBuildPhase;
			buildActionMask = 2147483647;
			files = (
				1FE75204BBEFCD847A0740A3 /* Pods_OSOM_appTests.framework in Frameworks */,
			);
			runOnlyForDeploymentPostprocessing = 0;
		};
		3572CF451F1DEAF9004FC883 /* Frameworks */ = {
			isa = PBXFrameworksBuildPhase;
			buildActionMask = 2147483647;
			files = (
				5698354B51170AEE864DCE29 /* Pods_OSOM_appUITests.framework in Frameworks */,
			);
			runOnlyForDeploymentPostprocessing = 0;
		};
/* End PBXFrameworksBuildPhase section */

/* Begin PBXGroup section */
		3572CF1D1F1DEAF9004FC883 = {
			isa = PBXGroup;
			children = (
				3572CF281F1DEAF9004FC883 /* OSOM_app */,
				3572CF401F1DEAF9004FC883 /* OSOM_appTests */,
				3572CF4B1F1DEAF9004FC883 /* OSOM_appUITests */,
				3572CF271F1DEAF9004FC883 /* Products */,
				A85CAC6AACA58D675B575155 /* Pods */,
				50E9A3DEBA93BC34B3EA5C96 /* Frameworks */,
			);
			sourceTree = "<group>";
		};
		3572CF271F1DEAF9004FC883 /* Products */ = {
			isa = PBXGroup;
			children = (
				3572CF261F1DEAF9004FC883 /* OSOM_app.app */,
				3572CF3D1F1DEAF9004FC883 /* OSOM_appTests.xctest */,
				3572CF481F1DEAF9004FC883 /* OSOM_appUITests.xctest */,
			);
			name = Products;
			sourceTree = "<group>";
		};
		3572CF281F1DEAF9004FC883 /* OSOM_app */ = {
			isa = PBXGroup;
			children = (
				B2C48FF11F937B5400DFECA4 /* Resources */,
				B2024F6B1F92206C0083B813 /* Info.plist */,
				35EB19541F1E371200DD3AA5 /* Localizable.strings */,
				3572CF331F1DEAF9004FC883 /* Assets.xcassets */,
				3572CF351F1DEAF9004FC883 /* LaunchScreen.storyboard */,
				35EB194D1F1E34A000DD3AA5 /* Helpers */,
				35EB194A1F1E329B00DD3AA5 /* CustomUI */,
				3572CF711F1E01F5004FC883 /* Screens */,
				3572CF5A1F1DFB8B004FC883 /* Containers */,
				3572CF291F1DEAF9004FC883 /* AppDelegate.swift */,
				3572CF301F1DEAF9004FC883 /* OSOM_app.xcdatamodeld */,
			);
			path = OSOM_app;
			sourceTree = "<group>";
		};
		3572CF401F1DEAF9004FC883 /* OSOM_appTests */ = {
			isa = PBXGroup;
			children = (
				3572CF411F1DEAF9004FC883 /* OSOM_appTests.swift */,
				3572CF431F1DEAF9004FC883 /* Info.plist */,
			);
			path = OSOM_appTests;
			sourceTree = "<group>";
		};
		3572CF4B1F1DEAF9004FC883 /* OSOM_appUITests */ = {
			isa = PBXGroup;
			children = (
				3572CF4C1F1DEAF9004FC883 /* OSOM_appUITests.swift */,
				3572CF4E1F1DEAF9004FC883 /* Info.plist */,
			);
			path = OSOM_appUITests;
			sourceTree = "<group>";
		};
		3572CF5A1F1DFB8B004FC883 /* Containers */ = {
			isa = PBXGroup;
			children = (
				3572CF631F1DFD7B004FC883 /* ViewControllerContainer.swift */,
				3572CF651F1DFD89004FC883 /* ViewModelContainer.swift */,
				3572CF671F1DFD93004FC883 /* ViewContainer.swift */,
				3572CF691F1DFDA5004FC883 /* ValidatorContainer.swift */,
				3572CF6B1F1DFDC2004FC883 /* NetworkingContainer.swift */,
				3572CF6D1F1DFDCD004FC883 /* SerializerContainer.swift */,
				3572CF6F1F1DFDEB004FC883 /* CellManagerContainer.swift */,
			);
			name = Containers;
			path = OSOM_app/Containers;
			sourceTree = SOURCE_ROOT;
		};
		3572CF711F1E01F5004FC883 /* Screens */ = {
			isa = PBXGroup;
			children = (
				B20CA63C1F9D06F20018208A /* LogIn */,
				B2024F6F1F9364BA0083B813 /* SignUp */,
				3572CF721F1E02B5004FC883 /* WelcomeScreen */,
			);
			path = Screens;
			sourceTree = "<group>";
		};
		3572CF721F1E02B5004FC883 /* WelcomeScreen */ = {
			isa = PBXGroup;
			children = (
				B2024F6C1F9220CD0083B813 /* ViewController */,
				3572CF741F1E031B004FC883 /* ViewModel */,
				3572CF731F1E02E1004FC883 /* View */,
			);
			path = WelcomeScreen;
			sourceTree = "<group>";
		};
		3572CF731F1E02E1004FC883 /* View */ = {
			isa = PBXGroup;
			children = (
				3572CF761F1E036E004FC883 /* WelcomeView.swift */,
			);
			path = View;
			sourceTree = "<group>";
		};
		3572CF741F1E031B004FC883 /* ViewModel */ = {
			isa = PBXGroup;
			children = (
				35EB19481F1E2BBE00DD3AA5 /* WelcomeScreenViewModel.swift */,
			);
			path = ViewModel;
			sourceTree = "<group>";
		};
		35EB194A1F1E329B00DD3AA5 /* CustomUI */ = {
			isa = PBXGroup;
			children = (
				B2F029CC1F9C9AED0006A5A0 /* Navigation */,
				B2F029C51F9B71E10006A5A0 /* MainView */,
				B2C48FEE1F936A8900DFECA4 /* SignUp */,
				35EB195A1F1E3D5C00DD3AA5 /* TitleCell */,
				35EB194B1F1E32DA00DD3AA5 /* CutomButton.swift */,
			);
			path = CustomUI;
			sourceTree = "<group>";
		};
		35EB194D1F1E34A000DD3AA5 /* Helpers */ = {
			isa = PBXGroup;
			children = (
				35EB194E1F1E34C100DD3AA5 /* String+Localized.swift */,
				35EB195D1F1E3DAD00DD3AA5 /* Int+ConstraintMaker.swift */,
				35EB195F1F1E3DE200DD3AA5 /* Fonts.swift */,
				3577D8051F1F3565001BCD63 /* UIView+Shadow.swift */,
				3577D8071F1F35B6001BCD63 /* ColorSchameHelper.swift */,
				B2C48FEC1F9367F600DFECA4 /* UIColor+extension.swift */,
				B2F029CA1F9C8DEC0006A5A0 /* UIDevice+extension.swift */,
			);
			path = Helpers;
			sourceTree = "<group>";
		};
		35EB195A1F1E3D5C00DD3AA5 /* TitleCell */ = {
			isa = PBXGroup;
			children = (
				35EB19581F1E3D3E00DD3AA5 /* TitleCell.swift */,
				35EB195B1F1E3D7C00DD3AA5 /* TitleCellView.swift */,
			);
			path = TitleCell;
			sourceTree = "<group>";
		};
		50E9A3DEBA93BC34B3EA5C96 /* Frameworks */ = {
			isa = PBXGroup;
			children = (
				2330CA05BBE27C8240531B06 /* Pods_OSOM_app.framework */,
				E16608CC816851F59D5FFD95 /* Pods_OSOM_appTests.framework */,
				49BF1DBED7E1A0F18EC7F324 /* Pods_OSOM_appUITests.framework */,
			);
			name = Frameworks;
			sourceTree = "<group>";
		};
		A85CAC6AACA58D675B575155 /* Pods */ = {
			isa = PBXGroup;
			children = (
				54E9155BD58BDDF7CBF6E62F /* Pods-OSOM_app.debug.xcconfig */,
				FC233DFF9418B6F3872C6077 /* Pods-OSOM_app.release.xcconfig */,
				EAE89B747A59E42E08DA5223 /* Pods-OSOM_appTests.debug.xcconfig */,
				EAF15ECC69857EA5AA84CB46 /* Pods-OSOM_appTests.release.xcconfig */,
				81B1F8EC51FDDC79EFDBEE63 /* Pods-OSOM_appUITests.debug.xcconfig */,
				DD3DC9D34C9F8335E34F0A16 /* Pods-OSOM_appUITests.release.xcconfig */,
			);
			name = Pods;
			sourceTree = "<group>";
		};
		B2024F6C1F9220CD0083B813 /* ViewController */ = {
			isa = PBXGroup;
			children = (
				B2024F6D1F9220EA0083B813 /* WelcomeScreenViewController.swift */,
			);
			path = ViewController;
			sourceTree = "<group>";
		};
		B2024F6F1F9364BA0083B813 /* SignUp */ = {
			isa = PBXGroup;
			children = (
				B20CA6331F9CC18D0018208A /* Password */,
				B20CA62B1F9CBF690018208A /* Email */,
				B20CA62A1F9CBC4D0018208A /* Name */,
			);
			path = SignUp;
			sourceTree = "<group>";
		};
		B2024F701F9364CF0083B813 /* ViewController */ = {
			isa = PBXGroup;
			children = (
				B2024F731F9365090083B813 /* SignUpNameViewController.swift */,
			);
			path = ViewController;
			sourceTree = "<group>";
		};
		B2024F711F9364D60083B813 /* View */ = {
			isa = PBXGroup;
			children = (
				B2024F751F93652E0083B813 /* SignUpNameView.swift */,
			);
			path = View;
			sourceTree = "<group>";
		};
		B2024F721F9364DB0083B813 /* ViewModel */ = {
			isa = PBXGroup;
			children = (
			);
			path = ViewModel;
			sourceTree = "<group>";
		};
		B20CA62A1F9CBC4D0018208A /* Name */ = {
			isa = PBXGroup;
			children = (
				B2024F721F9364DB0083B813 /* ViewModel */,
				B2024F711F9364D60083B813 /* View */,
				B2024F701F9364CF0083B813 /* ViewController */,
			);
			path = Name;
			sourceTree = "<group>";
		};
		B20CA62B1F9CBF690018208A /* Email */ = {
			isa = PBXGroup;
			children = (
				B20CA62E1F9CBFCA0018208A /* ViewController */,
				B20CA62D1F9CBFC60018208A /* View */,
				B20CA62C1F9CBFC00018208A /* ViewModel */,
			);
			path = Email;
			sourceTree = "<group>";
		};
		B20CA62C1F9CBFC00018208A /* ViewModel */ = {
			isa = PBXGroup;
			children = (
			);
			path = ViewModel;
			sourceTree = "<group>";
		};
		B20CA62D1F9CBFC60018208A /* View */ = {
			isa = PBXGroup;
			children = (
				B20CA62F1F9CBFF50018208A /* SignUpEmailView.swift */,
			);
			path = View;
			sourceTree = "<group>";
		};
		B20CA62E1F9CBFCA0018208A /* ViewController */ = {
			isa = PBXGroup;
			children = (
				B20CA6311F9CC0750018208A /* SignUpEmailViewController.swift */,
			);
			path = ViewController;
			sourceTree = "<group>";
		};
		B20CA6331F9CC18D0018208A /* Password */ = {
			isa = PBXGroup;
			children = (
				B20CA6391F9CC1EB0018208A /* View */,
				B20CA6361F9CC1A80018208A /* ViewController */,
				B20CA6351F9CC1A30018208A /* ViewModel */,
				B20CA6341F9CC19E0018208A /* View */,
			);
			path = Password;
			sourceTree = "<group>";
		};
		B20CA6341F9CC19E0018208A /* View */ = {
			isa = PBXGroup;
			children = (
			);
			path = View;
			sourceTree = "<group>";
		};
		B20CA6351F9CC1A30018208A /* ViewModel */ = {
			isa = PBXGroup;
			children = (
			);
			path = ViewModel;
			sourceTree = "<group>";
		};
		B20CA6361F9CC1A80018208A /* ViewController */ = {
			isa = PBXGroup;
			children = (
				B20CA6371F9CC1BA0018208A /* SignUpPasswordViewController.swift */,
			);
			path = ViewController;
			sourceTree = "<group>";
		};
		B20CA6391F9CC1EB0018208A /* View */ = {
			isa = PBXGroup;
			children = (
				B20CA63A1F9CC1FA0018208A /* SignUpPasswordView.swift */,
			);
			name = View;
			path = "New Group";
			sourceTree = "<group>";
		};
		B20CA63C1F9D06F20018208A /* LogIn */ = {
			isa = PBXGroup;
			children = (
				B20CA63F1F9D07070018208A /* ViewController */,
				B20CA63E1F9D07020018208A /* ViewModel */,
				B20CA63D1F9D06FE0018208A /* View */,
			);
			path = LogIn;
			sourceTree = "<group>";
		};
		B20CA63D1F9D06FE0018208A /* View */ = {
			isa = PBXGroup;
			children = (
				B20CA6421F9D075E0018208A /* LogInView.swift */,
			);
			path = View;
			sourceTree = "<group>";
		};
		B20CA63E1F9D07020018208A /* ViewModel */ = {
			isa = PBXGroup;
			children = (
			);
			path = ViewModel;
			sourceTree = "<group>";
		};
		B20CA63F1F9D07070018208A /* ViewController */ = {
			isa = PBXGroup;
			children = (
				B20CA6401F9D073C0018208A /* LogInViewController.swift */,
			);
			path = ViewController;
			sourceTree = "<group>";
		};
		B2C48FEE1F936A8900DFECA4 /* SignUp */ = {
			isa = PBXGroup;
			children = (
				B2024F771F9365B10083B813 /* BaseSignUpView.swift */,
				B2C48FEF1F936A9F00DFECA4 /* BaseEditField.swift */,
			);
			path = SignUp;
			sourceTree = "<group>";
		};
		B2C48FF11F937B5400DFECA4 /* Resources */ = {
			isa = PBXGroup;
			children = (
				B2C48FF21F937B5A00DFECA4 /* Fonts */,
			);
			path = Resources;
			sourceTree = "<group>";
		};
		B2C48FF21F937B5A00DFECA4 /* Fonts */ = {
			isa = PBXGroup;
			children = (
				B2C48FF31F937B8400DFECA4 /* Montserrat-Bold.otf */,
				B2C48FF61F937B8400DFECA4 /* Montserrat-ExtraBold.otf */,
				B2C48FF71F937B8400DFECA4 /* Montserrat-Light.otf */,
				B2C48FF51F937B8400DFECA4 /* Montserrat-Medium.otf */,
				B2C48FF41F937B8400DFECA4 /* Montserrat-Regular.otf */,
			);
			path = Fonts;
			sourceTree = "<group>";
		};
		B2F029C51F9B71E10006A5A0 /* MainView */ = {
			isa = PBXGroup;
			children = (
				B2F029C81F9C7ECD0006A5A0 /* BaseView.swift */,
			);
			path = MainView;
			sourceTree = "<group>";
		};
		B2F029CC1F9C9AED0006A5A0 /* Navigation */ = {
			isa = PBXGroup;
			children = (
				B2F029CD1F9C9BB10006A5A0 /* NavigationView.swift */,
				B2F029CF1F9CA60D0006A5A0 /* NavigationController.swift */,
			);
			path = Navigation;
			sourceTree = "<group>";
		};
/* End PBXGroup section */

/* Begin PBXNativeTarget section */
		3572CF251F1DEAF9004FC883 /* OSOM_app */ = {
			isa = PBXNativeTarget;
			buildConfigurationList = 3572CF511F1DEAF9004FC883 /* Build configuration list for PBXNativeTarget "OSOM_app" */;
			buildPhases = (
				373ED3DFD0ECA9599FD82C65 /* [CP] Check Pods Manifest.lock */,
				3572CF221F1DEAF9004FC883 /* Sources */,
				3572CF231F1DEAF9004FC883 /* Frameworks */,
				3572CF241F1DEAF9004FC883 /* Resources */,
				BA2B65262B655DF0BFDF90F7 /* [CP] Embed Pods Frameworks */,
				5D593A54A512EC9CFE32112A /* [CP] Copy Pods Resources */,
			);
			buildRules = (
			);
			dependencies = (
			);
			name = OSOM_app;
			productName = OSOM_app;
			productReference = 3572CF261F1DEAF9004FC883 /* OSOM_app.app */;
			productType = "com.apple.product-type.application";
		};
		3572CF3C1F1DEAF9004FC883 /* OSOM_appTests */ = {
			isa = PBXNativeTarget;
			buildConfigurationList = 3572CF541F1DEAF9004FC883 /* Build configuration list for PBXNativeTarget "OSOM_appTests" */;
			buildPhases = (
				9A45FE9A33A26E319C63610E /* [CP] Check Pods Manifest.lock */,
				3572CF391F1DEAF9004FC883 /* Sources */,
				3572CF3A1F1DEAF9004FC883 /* Frameworks */,
				3572CF3B1F1DEAF9004FC883 /* Resources */,
				F9748BD55FEC956FCE4A8B4F /* [CP] Embed Pods Frameworks */,
				C606CACFE6426D58F8F11C55 /* [CP] Copy Pods Resources */,
			);
			buildRules = (
			);
			dependencies = (
				3572CF3F1F1DEAF9004FC883 /* PBXTargetDependency */,
			);
			name = OSOM_appTests;
			productName = OSOM_appTests;
			productReference = 3572CF3D1F1DEAF9004FC883 /* OSOM_appTests.xctest */;
			productType = "com.apple.product-type.bundle.unit-test";
		};
		3572CF471F1DEAF9004FC883 /* OSOM_appUITests */ = {
			isa = PBXNativeTarget;
			buildConfigurationList = 3572CF571F1DEAF9004FC883 /* Build configuration list for PBXNativeTarget "OSOM_appUITests" */;
			buildPhases = (
				8E8CF3E25BE4C047F06746CC /* [CP] Check Pods Manifest.lock */,
				3572CF441F1DEAF9004FC883 /* Sources */,
				3572CF451F1DEAF9004FC883 /* Frameworks */,
				3572CF461F1DEAF9004FC883 /* Resources */,
				364498A424EE793E03DF3A59 /* [CP] Embed Pods Frameworks */,
				322AEDE596472499FDE0E20E /* [CP] Copy Pods Resources */,
			);
			buildRules = (
			);
			dependencies = (
				3572CF4A1F1DEAF9004FC883 /* PBXTargetDependency */,
			);
			name = OSOM_appUITests;
			productName = OSOM_appUITests;
			productReference = 3572CF481F1DEAF9004FC883 /* OSOM_appUITests.xctest */;
			productType = "com.apple.product-type.bundle.ui-testing";
		};
/* End PBXNativeTarget section */

/* Begin PBXProject section */
		3572CF1E1F1DEAF9004FC883 /* Project object */ = {
			isa = PBXProject;
			attributes = {
				LastSwiftUpdateCheck = 0830;
				LastUpgradeCheck = 0900;
				ORGANIZATIONNAME = "";
				TargetAttributes = {
					3572CF251F1DEAF9004FC883 = {
						CreatedOnToolsVersion = 8.3.2;
						DevelopmentTeam = B78XDNYG5Q;
						ProvisioningStyle = Automatic;
					};
					3572CF3C1F1DEAF9004FC883 = {
						CreatedOnToolsVersion = 8.3.2;
						LastSwiftMigration = 0900;
						ProvisioningStyle = Automatic;
						TestTargetID = 3572CF251F1DEAF9004FC883;
					};
					3572CF471F1DEAF9004FC883 = {
						CreatedOnToolsVersion = 8.3.2;
						LastSwiftMigration = 0900;
						ProvisioningStyle = Automatic;
						TestTargetID = 3572CF251F1DEAF9004FC883;
					};
				};
			};
			buildConfigurationList = 3572CF211F1DEAF9004FC883 /* Build configuration list for PBXProject "OSOM_app" */;
			compatibilityVersion = "Xcode 3.2";
			developmentRegion = English;
			hasScannedForEncodings = 0;
			knownRegions = (
				en,
				Base,
			);
			mainGroup = 3572CF1D1F1DEAF9004FC883;
			productRefGroup = 3572CF271F1DEAF9004FC883 /* Products */;
			projectDirPath = "";
			projectRoot = "";
			targets = (
				3572CF251F1DEAF9004FC883 /* OSOM_app */,
				3572CF3C1F1DEAF9004FC883 /* OSOM_appTests */,
				3572CF471F1DEAF9004FC883 /* OSOM_appUITests */,
			);
		};
/* End PBXProject section */

/* Begin PBXResourcesBuildPhase section */
		3572CF241F1DEAF9004FC883 /* Resources */ = {
			isa = PBXResourcesBuildPhase;
			buildActionMask = 2147483647;
			files = (
				B2C48FFB1F937B8400DFECA4 /* Montserrat-ExtraBold.otf in Resources */,
				3572CF371F1DEAF9004FC883 /* LaunchScreen.storyboard in Resources */,
				B2C48FFA1F937B8400DFECA4 /* Montserrat-Medium.otf in Resources */,
				3572CF341F1DEAF9004FC883 /* Assets.xcassets in Resources */,
				35EB19521F1E371200DD3AA5 /* Localizable.strings in Resources */,
				B2C48FF91F937B8400DFECA4 /* Montserrat-Regular.otf in Resources */,
				B2C48FF81F937B8400DFECA4 /* Montserrat-Bold.otf in Resources */,
				B2C48FFC1F937B8400DFECA4 /* Montserrat-Light.otf in Resources */,
			);
			runOnlyForDeploymentPostprocessing = 0;
		};
		3572CF3B1F1DEAF9004FC883 /* Resources */ = {
			isa = PBXResourcesBuildPhase;
			buildActionMask = 2147483647;
			files = (
			);
			runOnlyForDeploymentPostprocessing = 0;
		};
		3572CF461F1DEAF9004FC883 /* Resources */ = {
			isa = PBXResourcesBuildPhase;
			buildActionMask = 2147483647;
			files = (
			);
			runOnlyForDeploymentPostprocessing = 0;
		};
/* End PBXResourcesBuildPhase section */

/* Begin PBXShellScriptBuildPhase section */
		322AEDE596472499FDE0E20E /* [CP] Copy Pods Resources */ = {
			isa = PBXShellScriptBuildPhase;
			buildActionMask = 2147483647;
			files = (
			);
			inputPaths = (
			);
			name = "[CP] Copy Pods Resources";
			outputPaths = (
			);
			runOnlyForDeploymentPostprocessing = 0;
			shellPath = /bin/sh;
			shellScript = "\"${SRCROOT}/Pods/Target Support Files/Pods-OSOM_appUITests/Pods-OSOM_appUITests-resources.sh\"\n";
			showEnvVarsInLog = 0;
		};
		364498A424EE793E03DF3A59 /* [CP] Embed Pods Frameworks */ = {
			isa = PBXShellScriptBuildPhase;
			buildActionMask = 2147483647;
			files = (
			);
			inputPaths = (
			);
			name = "[CP] Embed Pods Frameworks";
			outputPaths = (
			);
			runOnlyForDeploymentPostprocessing = 0;
			shellPath = /bin/sh;
			shellScript = "\"${SRCROOT}/Pods/Target Support Files/Pods-OSOM_appUITests/Pods-OSOM_appUITests-frameworks.sh\"\n";
			showEnvVarsInLog = 0;
		};
		373ED3DFD0ECA9599FD82C65 /* [CP] Check Pods Manifest.lock */ = {
			isa = PBXShellScriptBuildPhase;
			buildActionMask = 2147483647;
			files = (
			);
			inputPaths = (
				"${PODS_PODFILE_DIR_PATH}/Podfile.lock",
				"${PODS_ROOT}/Manifest.lock",
			);
			name = "[CP] Check Pods Manifest.lock";
			outputPaths = (
				"$(DERIVED_FILE_DIR)/Pods-OSOM_app-checkManifestLockResult.txt",
			);
			runOnlyForDeploymentPostprocessing = 0;
			shellPath = /bin/sh;
			shellScript = "diff \"${PODS_ROOT}/../Podfile.lock\" \"${PODS_ROOT}/Manifest.lock\" > /dev/null\nif [ $? != 0 ] ; then\n    # print error to STDERR\n    echo \"error: The sandbox is not in sync with the Podfile.lock. Run 'pod install' or update your CocoaPods installation.\" >&2\n    exit 1\nfi\n";
			showEnvVarsInLog = 0;
		};
		5D593A54A512EC9CFE32112A /* [CP] Copy Pods Resources */ = {
			isa = PBXShellScriptBuildPhase;
			buildActionMask = 2147483647;
			files = (
			);
			inputPaths = (
			);
			name = "[CP] Copy Pods Resources";
			outputPaths = (
			);
			runOnlyForDeploymentPostprocessing = 0;
			shellPath = /bin/sh;
			shellScript = "\"${SRCROOT}/Pods/Target Support Files/Pods-OSOM_app/Pods-OSOM_app-resources.sh\"\n";
			showEnvVarsInLog = 0;
		};
		8E8CF3E25BE4C047F06746CC /* [CP] Check Pods Manifest.lock */ = {
			isa = PBXShellScriptBuildPhase;
			buildActionMask = 2147483647;
			files = (
			);
			inputPaths = (
				"${PODS_PODFILE_DIR_PATH}/Podfile.lock",
				"${PODS_ROOT}/Manifest.lock",
			);
			name = "[CP] Check Pods Manifest.lock";
			outputPaths = (
				"$(DERIVED_FILE_DIR)/Pods-OSOM_appUITests-checkManifestLockResult.txt",
			);
			runOnlyForDeploymentPostprocessing = 0;
			shellPath = /bin/sh;
			shellScript = "diff \"${PODS_ROOT}/../Podfile.lock\" \"${PODS_ROOT}/Manifest.lock\" > /dev/null\nif [ $? != 0 ] ; then\n    # print error to STDERR\n    echo \"error: The sandbox is not in sync with the Podfile.lock. Run 'pod install' or update your CocoaPods installation.\" >&2\n    exit 1\nfi\n";
			showEnvVarsInLog = 0;
		};
		9A45FE9A33A26E319C63610E /* [CP] Check Pods Manifest.lock */ = {
			isa = PBXShellScriptBuildPhase;
			buildActionMask = 2147483647;
			files = (
			);
			inputPaths = (
				"${PODS_PODFILE_DIR_PATH}/Podfile.lock",
				"${PODS_ROOT}/Manifest.lock",
			);
			name = "[CP] Check Pods Manifest.lock";
			outputPaths = (
				"$(DERIVED_FILE_DIR)/Pods-OSOM_appTests-checkManifestLockResult.txt",
			);
			runOnlyForDeploymentPostprocessing = 0;
			shellPath = /bin/sh;
			shellScript = "diff \"${PODS_ROOT}/../Podfile.lock\" \"${PODS_ROOT}/Manifest.lock\" > /dev/null\nif [ $? != 0 ] ; then\n    # print error to STDERR\n    echo \"error: The sandbox is not in sync with the Podfile.lock. Run 'pod install' or update your CocoaPods installation.\" >&2\n    exit 1\nfi\n";
			showEnvVarsInLog = 0;
		};
		BA2B65262B655DF0BFDF90F7 /* [CP] Embed Pods Frameworks */ = {
			isa = PBXShellScriptBuildPhase;
			buildActionMask = 2147483647;
			files = (
			);
			inputPaths = (
				"${SRCROOT}/Pods/Target Support Files/Pods-OSOM_app/Pods-OSOM_app-frameworks.sh",
				"${BUILT_PRODUCTS_DIR}/Alamofire/Alamofire.framework",
				"${BUILT_PRODUCTS_DIR}/IQKeyboardManager/IQKeyboardManager.framework",
				"${BUILT_PRODUCTS_DIR}/SnapKit/SnapKit.framework",
				"${BUILT_PRODUCTS_DIR}/SwiftyJSON/SwiftyJSON.framework",
				"${BUILT_PRODUCTS_DIR}/TTTAttributedLabel/TTTAttributedLabel.framework",
			);
			name = "[CP] Embed Pods Frameworks";
			outputPaths = (
				"${TARGET_BUILD_DIR}/${FRAMEWORKS_FOLDER_PATH}/Alamofire.framework",
				"${TARGET_BUILD_DIR}/${FRAMEWORKS_FOLDER_PATH}/IQKeyboardManager.framework",
				"${TARGET_BUILD_DIR}/${FRAMEWORKS_FOLDER_PATH}/SnapKit.framework",
				"${TARGET_BUILD_DIR}/${FRAMEWORKS_FOLDER_PATH}/SwiftyJSON.framework",
				"${TARGET_BUILD_DIR}/${FRAMEWORKS_FOLDER_PATH}/TTTAttributedLabel.framework",
			);
			runOnlyForDeploymentPostprocessing = 0;
			shellPath = /bin/sh;
			shellScript = "\"${SRCROOT}/Pods/Target Support Files/Pods-OSOM_app/Pods-OSOM_app-frameworks.sh\"\n";
			showEnvVarsInLog = 0;
		};
		C606CACFE6426D58F8F11C55 /* [CP] Copy Pods Resources */ = {
			isa = PBXShellScriptBuildPhase;
			buildActionMask = 2147483647;
			files = (
			);
			inputPaths = (
			);
			name = "[CP] Copy Pods Resources";
			outputPaths = (
			);
			runOnlyForDeploymentPostprocessing = 0;
			shellPath = /bin/sh;
			shellScript = "\"${SRCROOT}/Pods/Target Support Files/Pods-OSOM_appTests/Pods-OSOM_appTests-resources.sh\"\n";
			showEnvVarsInLog = 0;
		};
		F9748BD55FEC956FCE4A8B4F /* [CP] Embed Pods Frameworks */ = {
			isa = PBXShellScriptBuildPhase;
			buildActionMask = 2147483647;
			files = (
			);
			inputPaths = (
			);
			name = "[CP] Embed Pods Frameworks";
			outputPaths = (
			);
			runOnlyForDeploymentPostprocessing = 0;
			shellPath = /bin/sh;
			shellScript = "\"${SRCROOT}/Pods/Target Support Files/Pods-OSOM_appTests/Pods-OSOM_appTests-frameworks.sh\"\n";
			showEnvVarsInLog = 0;
		};
/* End PBXShellScriptBuildPhase section */

/* Begin PBXSourcesBuildPhase section */
		3572CF221F1DEAF9004FC883 /* Sources */ = {
			isa = PBXSourcesBuildPhase;
			buildActionMask = 2147483647;
			files = (
				3577D8081F1F35B6001BCD63 /* ColorSchameHelper.swift in Sources */,
				B2F029C91F9C7ECD0006A5A0 /* BaseView.swift in Sources */,
				3572CF321F1DEAF9004FC883 /* OSOM_app.xcdatamodeld in Sources */,
				3572CF641F1DFD7B004FC883 /* ViewControllerContainer.swift in Sources */,
				B20CA6411F9D073C0018208A /* LogInViewController.swift in Sources */,
				B2C48FF01F936A9F00DFECA4 /* BaseEditField.swift in Sources */,
				B2C48FED1F9367F600DFECA4 /* UIColor+extension.swift in Sources */,
				35EB195C1F1E3D7C00DD3AA5 /* TitleCellView.swift in Sources */,
				B2024F741F9365090083B813 /* SignUpNameViewController.swift in Sources */,
				3572CF2A1F1DEAF9004FC883 /* AppDelegate.swift in Sources */,
				35EB194F1F1E34C100DD3AA5 /* String+Localized.swift in Sources */,
				3577D8061F1F3565001BCD63 /* UIView+Shadow.swift in Sources */,
				3572CF681F1DFD93004FC883 /* ViewContainer.swift in Sources */,
				3572CF6A1F1DFDA5004FC883 /* ValidatorContainer.swift in Sources */,
				B20CA6321F9CC0750018208A /* SignUpEmailViewController.swift in Sources */,
				B20CA6431F9D075E0018208A /* LogInView.swift in Sources */,
				35EB194C1F1E32DA00DD3AA5 /* CutomButton.swift in Sources */,
				B2F029CE1F9C9BB10006A5A0 /* NavigationView.swift in Sources */,
				3572CF771F1E036E004FC883 /* WelcomeView.swift in Sources */,
				3572CF6E1F1DFDCD004FC883 /* SerializerContainer.swift in Sources */,
				B2F029CB1F9C8DEC0006A5A0 /* UIDevice+extension.swift in Sources */,
				B2024F781F9365B10083B813 /* BaseSignUpView.swift in Sources */,
				3572CF661F1DFD89004FC883 /* ViewModelContainer.swift in Sources */,
				35EB195E1F1E3DAD00DD3AA5 /* Int+ConstraintMaker.swift in Sources */,
				B2024F6E1F9220EA0083B813 /* WelcomeScreenViewController.swift in Sources */,
				B2F029D01F9CA60E0006A5A0 /* NavigationController.swift in Sources */,
				B2024F761F93652E0083B813 /* SignUpNameView.swift in Sources */,
				B20CA6381F9CC1BA0018208A /* SignUpPasswordViewController.swift in Sources */,
				35EB19591F1E3D3E00DD3AA5 /* TitleCell.swift in Sources */,
				3572CF6C1F1DFDC2004FC883 /* NetworkingContainer.swift in Sources */,
				3572CF701F1DFDEB004FC883 /* CellManagerContainer.swift in Sources */,
				B20CA63B1F9CC1FA0018208A /* SignUpPasswordView.swift in Sources */,
				B20CA6301F9CBFF50018208A /* SignUpEmailView.swift in Sources */,
				35EB19601F1E3DE200DD3AA5 /* Fonts.swift in Sources */,
				35EB19491F1E2BBE00DD3AA5 /* WelcomeScreenViewModel.swift in Sources */,
			);
			runOnlyForDeploymentPostprocessing = 0;
		};
		3572CF391F1DEAF9004FC883 /* Sources */ = {
			isa = PBXSourcesBuildPhase;
			buildActionMask = 2147483647;
			files = (
				3572CF421F1DEAF9004FC883 /* OSOM_appTests.swift in Sources */,
			);
			runOnlyForDeploymentPostprocessing = 0;
		};
		3572CF441F1DEAF9004FC883 /* Sources */ = {
			isa = PBXSourcesBuildPhase;
			buildActionMask = 2147483647;
			files = (
				3572CF4D1F1DEAF9004FC883 /* OSOM_appUITests.swift in Sources */,
			);
			runOnlyForDeploymentPostprocessing = 0;
		};
/* End PBXSourcesBuildPhase section */

/* Begin PBXTargetDependency section */
		3572CF3F1F1DEAF9004FC883 /* PBXTargetDependency */ = {
			isa = PBXTargetDependency;
			target = 3572CF251F1DEAF9004FC883 /* OSOM_app */;
			targetProxy = 3572CF3E1F1DEAF9004FC883 /* PBXContainerItemProxy */;
		};
		3572CF4A1F1DEAF9004FC883 /* PBXTargetDependency */ = {
			isa = PBXTargetDependency;
			target = 3572CF251F1DEAF9004FC883 /* OSOM_app */;
			targetProxy = 3572CF491F1DEAF9004FC883 /* PBXContainerItemProxy */;
		};
/* End PBXTargetDependency section */

/* Begin PBXVariantGroup section */
		3572CF351F1DEAF9004FC883 /* LaunchScreen.storyboard */ = {
			isa = PBXVariantGroup;
			children = (
				3572CF361F1DEAF9004FC883 /* Base */,
			);
			name = LaunchScreen.storyboard;
			sourceTree = "<group>";
		};
		35EB19541F1E371200DD3AA5 /* Localizable.strings */ = {
			isa = PBXVariantGroup;
			children = (
				35EB19531F1E371200DD3AA5 /* en */,
				35EB19551F1E37A000DD3AA5 /* Base */,
			);
			name = Localizable.strings;
			path = ..;
			sourceTree = "<group>";
		};
/* End PBXVariantGroup section */

/* Begin XCBuildConfiguration section */
		3572CF4F1F1DEAF9004FC883 /* Debug */ = {
			isa = XCBuildConfiguration;
			buildSettings = {
				ALWAYS_SEARCH_USER_PATHS = NO;
				CLANG_ANALYZER_NONNULL = YES;
				CLANG_ANALYZER_NUMBER_OBJECT_CONVERSION = YES_AGGRESSIVE;
				CLANG_CXX_LANGUAGE_STANDARD = "gnu++0x";
				CLANG_CXX_LIBRARY = "libc++";
				CLANG_ENABLE_MODULES = YES;
				CLANG_ENABLE_OBJC_ARC = YES;
				CLANG_WARN_BLOCK_CAPTURE_AUTORELEASING = YES;
				CLANG_WARN_BOOL_CONVERSION = YES;
				CLANG_WARN_COMMA = YES;
				CLANG_WARN_CONSTANT_CONVERSION = YES;
				CLANG_WARN_DIRECT_OBJC_ISA_USAGE = YES_ERROR;
				CLANG_WARN_DOCUMENTATION_COMMENTS = YES;
				CLANG_WARN_EMPTY_BODY = YES;
				CLANG_WARN_ENUM_CONVERSION = YES;
				CLANG_WARN_INFINITE_RECURSION = YES;
				CLANG_WARN_INT_CONVERSION = YES;
				CLANG_WARN_NON_LITERAL_NULL_CONVERSION = YES;
				CLANG_WARN_OBJC_LITERAL_CONVERSION = YES;
				CLANG_WARN_OBJC_ROOT_CLASS = YES_ERROR;
				CLANG_WARN_RANGE_LOOP_ANALYSIS = YES;
				CLANG_WARN_STRICT_PROTOTYPES = YES;
				CLANG_WARN_SUSPICIOUS_MOVE = YES;
				CLANG_WARN_UNREACHABLE_CODE = YES;
				CLANG_WARN__DUPLICATE_METHOD_MATCH = YES;
				"CODE_SIGN_IDENTITY[sdk=iphoneos*]" = "iPhone Developer";
				COPY_PHASE_STRIP = NO;
				DEBUG_INFORMATION_FORMAT = dwarf;
				ENABLE_STRICT_OBJC_MSGSEND = YES;
				ENABLE_TESTABILITY = YES;
				GCC_C_LANGUAGE_STANDARD = gnu99;
				GCC_DYNAMIC_NO_PIC = NO;
				GCC_NO_COMMON_BLOCKS = YES;
				GCC_OPTIMIZATION_LEVEL = 0;
				GCC_PREPROCESSOR_DEFINITIONS = (
					"DEBUG=1",
					"$(inherited)",
				);
				GCC_WARN_64_TO_32_BIT_CONVERSION = YES;
				GCC_WARN_ABOUT_RETURN_TYPE = YES_ERROR;
				GCC_WARN_UNDECLARED_SELECTOR = YES;
				GCC_WARN_UNINITIALIZED_AUTOS = YES_AGGRESSIVE;
				GCC_WARN_UNUSED_FUNCTION = YES;
				GCC_WARN_UNUSED_VARIABLE = YES;
				IPHONEOS_DEPLOYMENT_TARGET = 10.3;
				MTL_ENABLE_DEBUG_INFO = YES;
				ONLY_ACTIVE_ARCH = YES;
				SDKROOT = iphoneos;
				SWIFT_ACTIVE_COMPILATION_CONDITIONS = DEBUG;
				SWIFT_OPTIMIZATION_LEVEL = "-Onone";
			};
			name = Debug;
		};
		3572CF501F1DEAF9004FC883 /* Release */ = {
			isa = XCBuildConfiguration;
			buildSettings = {
				ALWAYS_SEARCH_USER_PATHS = NO;
				CLANG_ANALYZER_NONNULL = YES;
				CLANG_ANALYZER_NUMBER_OBJECT_CONVERSION = YES_AGGRESSIVE;
				CLANG_CXX_LANGUAGE_STANDARD = "gnu++0x";
				CLANG_CXX_LIBRARY = "libc++";
				CLANG_ENABLE_MODULES = YES;
				CLANG_ENABLE_OBJC_ARC = YES;
				CLANG_WARN_BLOCK_CAPTURE_AUTORELEASING = YES;
				CLANG_WARN_BOOL_CONVERSION = YES;
				CLANG_WARN_COMMA = YES;
				CLANG_WARN_CONSTANT_CONVERSION = YES;
				CLANG_WARN_DIRECT_OBJC_ISA_USAGE = YES_ERROR;
				CLANG_WARN_DOCUMENTATION_COMMENTS = YES;
				CLANG_WARN_EMPTY_BODY = YES;
				CLANG_WARN_ENUM_CONVERSION = YES;
				CLANG_WARN_INFINITE_RECURSION = YES;
				CLANG_WARN_INT_CONVERSION = YES;
				CLANG_WARN_NON_LITERAL_NULL_CONVERSION = YES;
				CLANG_WARN_OBJC_LITERAL_CONVERSION = YES;
				CLANG_WARN_OBJC_ROOT_CLASS = YES_ERROR;
				CLANG_WARN_RANGE_LOOP_ANALYSIS = YES;
				CLANG_WARN_STRICT_PROTOTYPES = YES;
				CLANG_WARN_SUSPICIOUS_MOVE = YES;
				CLANG_WARN_UNREACHABLE_CODE = YES;
				CLANG_WARN__DUPLICATE_METHOD_MATCH = YES;
				"CODE_SIGN_IDENTITY[sdk=iphoneos*]" = "iPhone Developer";
				COPY_PHASE_STRIP = NO;
				DEBUG_INFORMATION_FORMAT = "dwarf-with-dsym";
				ENABLE_NS_ASSERTIONS = NO;
				ENABLE_STRICT_OBJC_MSGSEND = YES;
				GCC_C_LANGUAGE_STANDARD = gnu99;
				GCC_NO_COMMON_BLOCKS = YES;
				GCC_WARN_64_TO_32_BIT_CONVERSION = YES;
				GCC_WARN_ABOUT_RETURN_TYPE = YES_ERROR;
				GCC_WARN_UNDECLARED_SELECTOR = YES;
				GCC_WARN_UNINITIALIZED_AUTOS = YES_AGGRESSIVE;
				GCC_WARN_UNUSED_FUNCTION = YES;
				GCC_WARN_UNUSED_VARIABLE = YES;
				IPHONEOS_DEPLOYMENT_TARGET = 10.3;
				MTL_ENABLE_DEBUG_INFO = NO;
				SDKROOT = iphoneos;
				SWIFT_OPTIMIZATION_LEVEL = "-Owholemodule";
				VALIDATE_PRODUCT = YES;
			};
			name = Release;
		};
		3572CF521F1DEAF9004FC883 /* Debug */ = {
			isa = XCBuildConfiguration;
			baseConfigurationReference = 54E9155BD58BDDF7CBF6E62F /* Pods-OSOM_app.debug.xcconfig */;
			buildSettings = {
				ASSETCATALOG_COMPILER_APPICON_NAME = AppIcon;
				"CODE_SIGN_IDENTITY[sdk=iphoneos*]" = "iPhone Developer";
				DEVELOPMENT_TEAM = B78XDNYG5Q;
				INFOPLIST_FILE = OSOM_app/Info.plist;
				LD_RUNPATH_SEARCH_PATHS = "$(inherited) @executable_path/Frameworks";
				PRODUCT_BUNDLE_IDENTIFIER = "pl.com.iteo.OSOM-app";
				PRODUCT_NAME = "$(TARGET_NAME)";
				PROVISIONING_PROFILE_SPECIFIER = "";
				SWIFT_VERSION = 4.0;
			};
			name = Debug;
		};
		3572CF531F1DEAF9004FC883 /* Release */ = {
			isa = XCBuildConfiguration;
			baseConfigurationReference = FC233DFF9418B6F3872C6077 /* Pods-OSOM_app.release.xcconfig */;
			buildSettings = {
				ASSETCATALOG_COMPILER_APPICON_NAME = AppIcon;
				"CODE_SIGN_IDENTITY[sdk=iphoneos*]" = "iPhone Developer";
				DEVELOPMENT_TEAM = B78XDNYG5Q;
				INFOPLIST_FILE = OSOM_app/Info.plist;
				LD_RUNPATH_SEARCH_PATHS = "$(inherited) @executable_path/Frameworks";
				PRODUCT_BUNDLE_IDENTIFIER = "pl.com.iteo.OSOM-app";
				PRODUCT_NAME = "$(TARGET_NAME)";
				PROVISIONING_PROFILE_SPECIFIER = "";
				SWIFT_VERSION = 4.0;
			};
			name = Release;
		};
		3572CF551F1DEAF9004FC883 /* Debug */ = {
			isa = XCBuildConfiguration;
			baseConfigurationReference = EAE89B747A59E42E08DA5223 /* Pods-OSOM_appTests.debug.xcconfig */;
			buildSettings = {
				ALWAYS_EMBED_SWIFT_STANDARD_LIBRARIES = YES;
				BUNDLE_LOADER = "$(TEST_HOST)";
				INFOPLIST_FILE = OSOM_appTests/Info.plist;
				LD_RUNPATH_SEARCH_PATHS = "$(inherited) @executable_path/Frameworks @loader_path/Frameworks";
				PRODUCT_BUNDLE_IDENTIFIER = "pl.com.iteo.OSOM-appTests";
				PRODUCT_NAME = "$(TARGET_NAME)";
				SWIFT_VERSION = 3.0;
				TEST_HOST = "$(BUILT_PRODUCTS_DIR)/OSOM_app.app/OSOM_app";
			};
			name = Debug;
		};
		3572CF561F1DEAF9004FC883 /* Release */ = {
			isa = XCBuildConfiguration;
			baseConfigurationReference = EAF15ECC69857EA5AA84CB46 /* Pods-OSOM_appTests.release.xcconfig */;
			buildSettings = {
				ALWAYS_EMBED_SWIFT_STANDARD_LIBRARIES = YES;
				BUNDLE_LOADER = "$(TEST_HOST)";
				INFOPLIST_FILE = OSOM_appTests/Info.plist;
				LD_RUNPATH_SEARCH_PATHS = "$(inherited) @executable_path/Frameworks @loader_path/Frameworks";
				PRODUCT_BUNDLE_IDENTIFIER = "pl.com.iteo.OSOM-appTests";
				PRODUCT_NAME = "$(TARGET_NAME)";
				SWIFT_VERSION = 3.0;
				TEST_HOST = "$(BUILT_PRODUCTS_DIR)/OSOM_app.app/OSOM_app";
			};
			name = Release;
		};
		3572CF581F1DEAF9004FC883 /* Debug */ = {
			isa = XCBuildConfiguration;
			baseConfigurationReference = 81B1F8EC51FDDC79EFDBEE63 /* Pods-OSOM_appUITests.debug.xcconfig */;
			buildSettings = {
				ALWAYS_EMBED_SWIFT_STANDARD_LIBRARIES = YES;
				INFOPLIST_FILE = OSOM_appUITests/Info.plist;
				LD_RUNPATH_SEARCH_PATHS = "$(inherited) @executable_path/Frameworks @loader_path/Frameworks";
				PRODUCT_BUNDLE_IDENTIFIER = "pl.com.iteo.OSOM-appUITests";
				PRODUCT_NAME = "$(TARGET_NAME)";
				SWIFT_VERSION = 3.0;
				TEST_TARGET_NAME = OSOM_app;
			};
			name = Debug;
		};
		3572CF591F1DEAF9004FC883 /* Release */ = {
			isa = XCBuildConfiguration;
			baseConfigurationReference = DD3DC9D34C9F8335E34F0A16 /* Pods-OSOM_appUITests.release.xcconfig */;
			buildSettings = {
				ALWAYS_EMBED_SWIFT_STANDARD_LIBRARIES = YES;
				INFOPLIST_FILE = OSOM_appUITests/Info.plist;
				LD_RUNPATH_SEARCH_PATHS = "$(inherited) @executable_path/Frameworks @loader_path/Frameworks";
				PRODUCT_BUNDLE_IDENTIFIER = "pl.com.iteo.OSOM-appUITests";
				PRODUCT_NAME = "$(TARGET_NAME)";
				SWIFT_VERSION = 3.0;
				TEST_TARGET_NAME = OSOM_app;
			};
			name = Release;
		};
/* End XCBuildConfiguration section */

/* Begin XCConfigurationList section */
		3572CF211F1DEAF9004FC883 /* Build configuration list for PBXProject "OSOM_app" */ = {
			isa = XCConfigurationList;
			buildConfigurations = (
				3572CF4F1F1DEAF9004FC883 /* Debug */,
				3572CF501F1DEAF9004FC883 /* Release */,
			);
			defaultConfigurationIsVisible = 0;
			defaultConfigurationName = Release;
		};
		3572CF511F1DEAF9004FC883 /* Build configuration list for PBXNativeTarget "OSOM_app" */ = {
			isa = XCConfigurationList;
			buildConfigurations = (
				3572CF521F1DEAF9004FC883 /* Debug */,
				3572CF531F1DEAF9004FC883 /* Release */,
			);
			defaultConfigurationIsVisible = 0;
			defaultConfigurationName = Release;
		};
		3572CF541F1DEAF9004FC883 /* Build configuration list for PBXNativeTarget "OSOM_appTests" */ = {
			isa = XCConfigurationList;
			buildConfigurations = (
				3572CF551F1DEAF9004FC883 /* Debug */,
				3572CF561F1DEAF9004FC883 /* Release */,
			);
			defaultConfigurationIsVisible = 0;
			defaultConfigurationName = Release;
		};
		3572CF571F1DEAF9004FC883 /* Build configuration list for PBXNativeTarget "OSOM_appUITests" */ = {
			isa = XCConfigurationList;
			buildConfigurations = (
				3572CF581F1DEAF9004FC883 /* Debug */,
				3572CF591F1DEAF9004FC883 /* Release */,
			);
			defaultConfigurationIsVisible = 0;
			defaultConfigurationName = Release;
		};
/* End XCConfigurationList section */

/* Begin XCVersionGroup section */
		3572CF301F1DEAF9004FC883 /* OSOM_app.xcdatamodeld */ = {
			isa = XCVersionGroup;
			children = (
				3572CF311F1DEAF9004FC883 /* OSOM_app.xcdatamodel */,
			);
			currentVersion = 3572CF311F1DEAF9004FC883 /* OSOM_app.xcdatamodel */;
			path = OSOM_app.xcdatamodeld;
			sourceTree = "<group>";
			versionGroupType = wrapper.xcdatamodel;
		};
/* End XCVersionGroup section */
	};
	rootObject = 3572CF1E1F1DEAF9004FC883 /* Project object */;
}
